
Microsoft Visual Studio Solution File, Format Version 12.00
# Visual Studio Version 17
VisualStudioVersion = 17.14.36401.2 d17.14
MinimumVisualStudioVersion = 10.0.40219.1
Project("{FAE04EC0-301F-11D3-BF4B-00C04F79EFBC}") = "Snake", "Snake\Snake.csproj", "{87A0A21D-D25A-42B4-A5B3-009AAE28DB0E}"
EndProject
Global
	GlobalSection(SolutionConfigurationPlatforms) = preSolution
		Debug|Any CPU = Debug|Any CPU
		Release|Any CPU = Release|Any CPU
	EndGlobalSection
	GlobalSection(ProjectConfigurationPlatforms) = postSolution
		{87A0A21D-D25A-42B4-A5B3-009AAE28DB0E}.Debug|Any CPU.ActiveCfg = Debug|Any CPU
		{87A0A21D-D25A-42B4-A5B3-009AAE28DB0E}.Debug|Any CPU.Build.0 = Debug|Any CPU
		{87A0A21D-D25A-42B4-A5B3-009AAE28DB0E}.Release|Any CPU.ActiveCfg = Release|Any CPU
		{87A0A21D-D25A-42B4-A5B3-009AAE28DB0E}.Release|Any CPU.Build.0 = Release|Any CPU
	EndGlobalSection
	GlobalSection(SolutionProperties) = preSolution
		HideSolutionNode = FALSE
	EndGlobalSection
	GlobalSection(ExtensibilityGlobals) = postSolution
		SolutionGuid = {98B1DB6D-5035-49CE-934C-90485E3A9CFF}
	EndGlobalSection
EndGlobal
